
Microsoft Visual Studio Solution File, Format Version 12.00
# Visual Studio Version 17
VisualStudioVersion = 17.10.35027.167
MinimumVisualStudioVersion = 10.0.40219.1
Project("{FAE04EC0-301F-11D3-BF4B-00C04F79EFBC}") = "CodeQuotes", "CodeQuotes\CodeQuotes.csproj", "{BE78FC63-2B3A-4906-9646-929F5B72C714}"
EndProject
Global
	GlobalSection(SolutionConfigurationPlatforms) = preSolution
		Debug|Any CPU = Debug|Any CPU
		Release|Any CPU = Release|Any CPU
	EndGlobalSection
	GlobalSection(ProjectConfigurationPlatforms) = postSolution
		{BE78FC63-2B3A-4906-9646-929F5B72C714}.Debug|Any CPU.ActiveCfg = Debug|Any CPU
		{BE78FC63-2B3A-4906-9646-929F5B72C714}.Debug|Any CPU.Build.0 = Debug|Any CPU
		{BE78FC63-2B3A-4906-9646-929F5B72C714}.Debug|Any CPU.Deploy.0 = Debug|Any CPU
		{BE78FC63-2B3A-4906-9646-929F5B72C714}.Release|Any CPU.ActiveCfg = Release|Any CPU
		{BE78FC63-2B3A-4906-9646-929F5B72C714}.Release|Any CPU.Build.0 = Release|Any CPU
		{BE78FC63-2B3A-4906-9646-929F5B72C714}.Release|Any CPU.Deploy.0 = Release|Any CPU
	EndGlobalSection
	GlobalSection(SolutionProperties) = preSolution
		HideSolutionNode = FALSE
	EndGlobalSection
	GlobalSection(ExtensibilityGlobals) = postSolution
		SolutionGuid = {C5565C94-1FC2-4B0B-9A62-7ADD71183E9C}
	EndGlobalSection
EndGlobal
